
Microsoft Visual Studio Solution File, Format Version 12.00
# Visual Studio 15
VisualStudioVersion = 15.0.27130.2027
MinimumVisualStudioVersion = 10.0.40219.1
Project("{9A19103F-16F7-4668-BE54-9A1E7A4F7556}") = "TddFromTheScratchWeb", "TddFromTheScratchWeb\TddFromTheScratchWeb.csproj", "{2D8D4FA7-71BD-4355-86B2-2FB875B77260}"
EndProject
Project("{FAE04EC0-301F-11D3-BF4B-00C04F79EFBC}") = "TddFromTheScratch.Business", "TddFromTheScratch.Business\TddFromTheScratch.Business.csproj", "{FAF668F0-23B4-4F0A-88A9-32496A9496B4}"
EndProject
Project("{FAE04EC0-301F-11D3-BF4B-00C04F79EFBC}") = "TddFromTheScratchWeb.UnitTests", "TddFromTheScratchWeb.UnitTests\TddFromTheScratchWeb.UnitTests.csproj", "{AA2978E7-C6CC-4357-862C-36929B17A63A}"
EndProject
Global
	GlobalSection(SolutionConfigurationPlatforms) = preSolution
		Debug|Any CPU = Debug|Any CPU
		Release|Any CPU = Release|Any CPU
	EndGlobalSection
	GlobalSection(ProjectConfigurationPlatforms) = postSolution
		{2D8D4FA7-71BD-4355-86B2-2FB875B77260}.Debug|Any CPU.ActiveCfg = Debug|Any CPU
		{2D8D4FA7-71BD-4355-86B2-2FB875B77260}.Debug|Any CPU.Build.0 = Debug|Any CPU
		{2D8D4FA7-71BD-4355-86B2-2FB875B77260}.Release|Any CPU.ActiveCfg = Release|Any CPU
		{2D8D4FA7-71BD-4355-86B2-2FB875B77260}.Release|Any CPU.Build.0 = Release|Any CPU
		{FAF668F0-23B4-4F0A-88A9-32496A9496B4}.Debug|Any CPU.ActiveCfg = Debug|Any CPU
		{FAF668F0-23B4-4F0A-88A9-32496A9496B4}.Debug|Any CPU.Build.0 = Debug|Any CPU
		{FAF668F0-23B4-4F0A-88A9-32496A9496B4}.Release|Any CPU.ActiveCfg = Release|Any CPU
		{FAF668F0-23B4-4F0A-88A9-32496A9496B4}.Release|Any CPU.Build.0 = Release|Any CPU
		{AA2978E7-C6CC-4357-862C-36929B17A63A}.Debug|Any CPU.ActiveCfg = Debug|Any CPU
		{AA2978E7-C6CC-4357-862C-36929B17A63A}.Debug|Any CPU.Build.0 = Debug|Any CPU
		{AA2978E7-C6CC-4357-862C-36929B17A63A}.Release|Any CPU.ActiveCfg = Release|Any CPU
		{AA2978E7-C6CC-4357-862C-36929B17A63A}.Release|Any CPU.Build.0 = Release|Any CPU
	EndGlobalSection
	GlobalSection(SolutionProperties) = preSolution
		HideSolutionNode = FALSE
	EndGlobalSection
	GlobalSection(ExtensibilityGlobals) = postSolution
		SolutionGuid = {329056BC-EC08-426A-9B29-EF2E9069492C}
	EndGlobalSection
EndGlobal
